
Microsoft Visual Studio Solution File, Format Version 12.00
# Visual Studio Version 16
VisualStudioVersion = 16.0.30114.105
MinimumVisualStudioVersion = 10.0.40219.1
Project("{FAE04EC0-301F-11D3-BF4B-00C04F79EFBC}") = "GreenThumb.Client", "GreenThumb.Client\GreenThumb.Client.csproj", "{AAC845D7-0D2B-473F-9830-B5D3C859C98D}"
EndProject
Global
	GlobalSection(SolutionConfigurationPlatforms) = preSolution
		Debug|Any CPU = Debug|Any CPU
		Release|Any CPU = Release|Any CPU
	EndGlobalSection
	GlobalSection(ProjectConfigurationPlatforms) = postSolution
		{AAC845D7-0D2B-473F-9830-B5D3C859C98D}.Debug|Any CPU.ActiveCfg = Debug|Any CPU
		{AAC845D7-0D2B-473F-9830-B5D3C859C98D}.Debug|Any CPU.Build.0 = Debug|Any CPU
		{AAC845D7-0D2B-473F-9830-B5D3C859C98D}.Release|Any CPU.ActiveCfg = Release|Any CPU
		{AAC845D7-0D2B-473F-9830-B5D3C859C98D}.Release|Any CPU.Build.0 = Release|Any CPU
	EndGlobalSection
	GlobalSection(SolutionProperties) = preSolution
		HideSolutionNode = FALSE
	EndGlobalSection
	GlobalSection(ExtensibilityGlobals) = postSolution
		SolutionGuid = {AAE54F15-7D80-44E3-A6DE-6B6D04D1AD9F}
	EndGlobalSection
EndGlobal
